
Microsoft Visual Studio Solution File, Format Version 12.00
# Visual Studio 15
VisualStudioVersion = 15.0.28010.0
MinimumVisualStudioVersion = 10.0.40219.1
Project("{888888A0-9F3D-457C-B088-3A5042F75D52}") = "GreenLightTeam_FinalProject", "GreenLightTeam_FinalProject.pyproj", "{0A0A2F79-3FDA-4323-826D-97A6EF69EF39}"
EndProject
Global
	GlobalSection(SolutionConfigurationPlatforms) = preSolution
		Debug|Any CPU = Debug|Any CPU
		Release|Any CPU = Release|Any CPU
	EndGlobalSection
	GlobalSection(ProjectConfigurationPlatforms) = postSolution
		{0A0A2F79-3FDA-4323-826D-97A6EF69EF39}.Debug|Any CPU.ActiveCfg = Debug|Any CPU
		{0A0A2F79-3FDA-4323-826D-97A6EF69EF39}.Release|Any CPU.ActiveCfg = Release|Any CPU
	EndGlobalSection
	GlobalSection(SolutionProperties) = preSolution
		HideSolutionNode = FALSE
	EndGlobalSection
	GlobalSection(ExtensibilityGlobals) = postSolution
		SolutionGuid = {34D7D505-7F78-4F92-8B88-24083D2D7EBC}
	EndGlobalSection
EndGlobal
